
Microsoft Visual Studio Solution File, Format Version 12.00
# Visual Studio Version 16
VisualStudioVersion = 16.0.30309.148
MinimumVisualStudioVersion = 10.0.40219.1
Project("{FAE04EC0-301F-11D3-BF4B-00C04F79EFBC}") = "CSharp_01", "CSharp_01\CSharp_01.csproj", "{02362BF9-792D-45D0-BAB0-E903C4AFE12B}"
EndProject
Global
	GlobalSection(SolutionConfigurationPlatforms) = preSolution
		Debug|Any CPU = Debug|Any CPU
		Release|Any CPU = Release|Any CPU
	EndGlobalSection
	GlobalSection(ProjectConfigurationPlatforms) = postSolution
		{02362BF9-792D-45D0-BAB0-E903C4AFE12B}.Debug|Any CPU.ActiveCfg = Debug|Any CPU
		{02362BF9-792D-45D0-BAB0-E903C4AFE12B}.Debug|Any CPU.Build.0 = Debug|Any CPU
		{02362BF9-792D-45D0-BAB0-E903C4AFE12B}.Release|Any CPU.ActiveCfg = Release|Any CPU
		{02362BF9-792D-45D0-BAB0-E903C4AFE12B}.Release|Any CPU.Build.0 = Release|Any CPU
	EndGlobalSection
	GlobalSection(SolutionProperties) = preSolution
		HideSolutionNode = FALSE
	EndGlobalSection
	GlobalSection(ExtensibilityGlobals) = postSolution
		SolutionGuid = {79953B84-4293-40B0-86E3-8E5A055804E1}
	EndGlobalSection
EndGlobal
